// !$*UTF8*$!
{
	archiveVersion = 1;
	classes = {
	};
	objectVersion = 46;
	objects = {

/* Begin PBXBuildFile section */
		018C9EC11EB0BA9700F9CFD7 /* AppDelegate.swift in Sources */ = {isa = PBXBuildFile; fileRef = 018C9EC01EB0BA9700F9CFD7 /* AppDelegate.swift */; };
		018C9EC61EB0BA9700F9CFD7 /* Main.storyboard in Resources */ = {isa = PBXBuildFile; fileRef = 018C9EC41EB0BA9700F9CFD7 /* Main.storyboard */; };
		018C9EC81EB0BA9700F9CFD7 /* Assets.xcassets in Resources */ = {isa = PBXBuildFile; fileRef = 018C9EC71EB0BA9700F9CFD7 /* Assets.xcassets */; };
		018C9ECB1EB0BA9700F9CFD7 /* LaunchScreen.storyboard in Resources */ = {isa = PBXBuildFile; fileRef = 018C9EC91EB0BA9700F9CFD7 /* LaunchScreen.storyboard */; };
		018C9ED61EB0BA9700F9CFD7 /* FizzBuzzTests.swift in Sources */ = {isa = PBXBuildFile; fileRef = 018C9ED51EB0BA9700F9CFD7 /* FizzBuzzTests.swift */; };
		018C9EE11EB0BA9700F9CFD7 /* FizzBuzzUITests.swift in Sources */ = {isa = PBXBuildFile; fileRef = 018C9EE01EB0BA9700F9CFD7 /* FizzBuzzUITests.swift */; };
		3CE536EB1EB15B06009263F2 /* homePageViewController.swift in Sources */ = {isa = PBXBuildFile; fileRef = 3CE536EA1EB15B06009263F2 /* homePageViewController.swift */; };
		3CE536ED1EB15B51009263F2 /* gameSettingsViewController.swift in Sources */ = {isa = PBXBuildFile; fileRef = 3CE536EC1EB15B51009263F2 /* gameSettingsViewController.swift */; };
		3CE536EF1EB15B74009263F2 /* gameViewController.swift in Sources */ = {isa = PBXBuildFile; fileRef = 3CE536EE1EB15B74009263F2 /* gameViewController.swift */; };
		3CE536F11EB15B97009263F2 /* howToPlayViewController.swift in Sources */ = {isa = PBXBuildFile; fileRef = 3CE536F01EB15B97009263F2 /* howToPlayViewController.swift */; };
		3CE536F31EB15BAF009263F2 /* hiScoresViewController.swift in Sources */ = {isa = PBXBuildFile; fileRef = 3CE536F21EB15BAF009263F2 /* hiScoresViewController.swift */; };
		BB1287D91EBAC962006E5D4E /* Global.swift in Sources */ = {isa = PBXBuildFile; fileRef = BB1287D81EBAC962006E5D4E /* Global.swift */; };
/* End PBXBuildFile section */

/* Begin PBXContainerItemProxy section */
		018C9ED21EB0BA9700F9CFD7 /* PBXContainerItemProxy */ = {
			isa = PBXContainerItemProxy;
			containerPortal = 018C9EB51EB0BA9700F9CFD7 /* Project object */;
			proxyType = 1;
			remoteGlobalIDString = 018C9EBC1EB0BA9700F9CFD7;
			remoteInfo = FizzBuzz;
		};
		018C9EDD1EB0BA9700F9CFD7 /* PBXContainerItemProxy */ = {
			isa = PBXContainerItemProxy;
			containerPortal = 018C9EB51EB0BA9700F9CFD7 /* Project object */;
			proxyType = 1;
			remoteGlobalIDString = 018C9EBC1EB0BA9700F9CFD7;
			remoteInfo = FizzBuzz;
		};
/* End PBXContainerItemProxy section */

/* Begin PBXFileReference section */
		018C9EBD1EB0BA9700F9CFD7 /* FizzBuzz.app */ = {isa = PBXFileReference; explicitFileType = wrapper.application; includeInIndex = 0; path = FizzBuzz.app; sourceTree = BUILT_PRODUCTS_DIR; };
		018C9EC01EB0BA9700F9CFD7 /* AppDelegate.swift */ = {isa = PBXFileReference; lastKnownFileType = sourcecode.swift; path = AppDelegate.swift; sourceTree = "<group>"; };
		018C9EC51EB0BA9700F9CFD7 /* Base */ = {isa = PBXFileReference; lastKnownFileType = file.storyboard; name = Base; path = Base.lproj/Main.storyboard; sourceTree = "<group>"; };
		018C9EC71EB0BA9700F9CFD7 /* Assets.xcassets */ = {isa = PBXFileReference; lastKnownFileType = folder.assetcatalog; path = Assets.xcassets; sourceTree = "<group>"; };
		018C9ECA1EB0BA9700F9CFD7 /* Base */ = {isa = PBXFileReference; lastKnownFileType = file.storyboard; name = Base; path = Base.lproj/LaunchScreen.storyboard; sourceTree = "<group>"; };
		018C9ECC1EB0BA9700F9CFD7 /* Info.plist */ = {isa = PBXFileReference; lastKnownFileType = text.plist.xml; path = Info.plist; sourceTree = "<group>"; };
		018C9ED11EB0BA9700F9CFD7 /* FizzBuzzTests.xctest */ = {isa = PBXFileReference; explicitFileType = wrapper.cfbundle; includeInIndex = 0; path = FizzBuzzTests.xctest; sourceTree = BUILT_PRODUCTS_DIR; };
		018C9ED51EB0BA9700F9CFD7 /* FizzBuzzTests.swift */ = {isa = PBXFileReference; lastKnownFileType = sourcecode.swift; path = FizzBuzzTests.swift; sourceTree = "<group>"; };
		018C9ED71EB0BA9700F9CFD7 /* Info.plist */ = {isa = PBXFileReference; lastKnownFileType = text.plist.xml; path = Info.plist; sourceTree = "<group>"; };
		018C9EDC1EB0BA9700F9CFD7 /* FizzBuzzUITests.xctest */ = {isa = PBXFileReference; explicitFileType = wrapper.cfbundle; includeInIndex = 0; path = FizzBuzzUITests.xctest; sourceTree = BUILT_PRODUCTS_DIR; };
		018C9EE01EB0BA9700F9CFD7 /* FizzBuzzUITests.swift */ = {isa = PBXFileReference; lastKnownFileType = sourcecode.swift; path = FizzBuzzUITests.swift; sourceTree = "<group>"; };
		018C9EE21EB0BA9700F9CFD7 /* Info.plist */ = {isa = PBXFileReference; lastKnownFileType = text.plist.xml; path = Info.plist; sourceTree = "<group>"; };
		3CE536EA1EB15B06009263F2 /* homePageViewController.swift */ = {isa = PBXFileReference; fileEncoding = 4; lastKnownFileType = sourcecode.swift; path = homePageViewController.swift; sourceTree = "<group>"; };
		3CE536EC1EB15B51009263F2 /* gameSettingsViewController.swift */ = {isa = PBXFileReference; fileEncoding = 4; lastKnownFileType = sourcecode.swift; path = gameSettingsViewController.swift; sourceTree = "<group>"; };
		3CE536EE1EB15B74009263F2 /* gameViewController.swift */ = {isa = PBXFileReference; fileEncoding = 4; lastKnownFileType = sourcecode.swift; path = gameViewController.swift; sourceTree = "<group>"; };
		3CE536F01EB15B97009263F2 /* howToPlayViewController.swift */ = {isa = PBXFileReference; fileEncoding = 4; lastKnownFileType = sourcecode.swift; path = howToPlayViewController.swift; sourceTree = "<group>"; };
		3CE536F21EB15BAF009263F2 /* hiScoresViewController.swift */ = {isa = PBXFileReference; fileEncoding = 4; lastKnownFileType = sourcecode.swift; path = hiScoresViewController.swift; sourceTree = "<group>"; };
		BB1287D81EBAC962006E5D4E /* Global.swift */ = {isa = PBXFileReference; fileEncoding = 4; lastKnownFileType = sourcecode.swift; path = Global.swift; sourceTree = "<group>"; };
/* End PBXFileReference section */

/* Begin PBXFrameworksBuildPhase section */
		018C9EBA1EB0BA9700F9CFD7 /* Frameworks */ = {
			isa = PBXFrameworksBuildPhase;
			buildActionMask = 2147483647;
			files = (
			);
			runOnlyForDeploymentPostprocessing = 0;
		};
		018C9ECE1EB0BA9700F9CFD7 /* Frameworks */ = {
			isa = PBXFrameworksBuildPhase;
			buildActionMask = 2147483647;
			files = (
			);
			runOnlyForDeploymentPostprocessing = 0;
		};
		018C9ED91EB0BA9700F9CFD7 /* Frameworks */ = {
			isa = PBXFrameworksBuildPhase;
			buildActionMask = 2147483647;
			files = (
			);
			runOnlyForDeploymentPostprocessing = 0;
		};
/* End PBXFrameworksBuildPhase section */

/* Begin PBXGroup section */
		018C9EB41EB0BA9700F9CFD7 = {
			isa = PBXGroup;
			children = (
				018C9EBF1EB0BA9700F9CFD7 /* FizzBuzz */,
				018C9ED41EB0BA9700F9CFD7 /* FizzBuzzTests */,
				018C9EDF1EB0BA9700F9CFD7 /* FizzBuzzUITests */,
				018C9EBE1EB0BA9700F9CFD7 /* Products */,
			);
			sourceTree = "<group>";
		};
		018C9EBE1EB0BA9700F9CFD7 /* Products */ = {
			isa = PBXGroup;
			children = (
				018C9EBD1EB0BA9700F9CFD7 /* FizzBuzz.app */,
				018C9ED11EB0BA9700F9CFD7 /* FizzBuzzTests.xctest */,
				018C9EDC1EB0BA9700F9CFD7 /* FizzBuzzUITests.xctest */,
			);
			name = Products;
			sourceTree = "<group>";
		};
		018C9EBF1EB0BA9700F9CFD7 /* FizzBuzz */ = {
			isa = PBXGroup;
			children = (
				018C9EC01EB0BA9700F9CFD7 /* AppDelegate.swift */,
				018C9EC41EB0BA9700F9CFD7 /* Main.storyboard */,
				3CE536F21EB15BAF009263F2 /* hiScoresViewController.swift */,
				3CE536F01EB15B97009263F2 /* howToPlayViewController.swift */,
				3CE536EE1EB15B74009263F2 /* gameViewController.swift */,
				3CE536EC1EB15B51009263F2 /* gameSettingsViewController.swift */,
				3CE536EA1EB15B06009263F2 /* homePageViewController.swift */,
				018C9EC71EB0BA9700F9CFD7 /* Assets.xcassets */,
				018C9EC91EB0BA9700F9CFD7 /* LaunchScreen.storyboard */,
				018C9ECC1EB0BA9700F9CFD7 /* Info.plist */,
				BB1287D81EBAC962006E5D4E /* Global.swift */,
			);
			path = FizzBuzz;
			sourceTree = "<group>";
		};
		018C9ED41EB0BA9700F9CFD7 /* FizzBuzzTests */ = {
			isa = PBXGroup;
			children = (
				018C9ED51EB0BA9700F9CFD7 /* FizzBuzzTests.swift */,
				018C9ED71EB0BA9700F9CFD7 /* Info.plist */,
			);
			path = FizzBuzzTests;
			sourceTree = "<group>";
		};
		018C9EDF1EB0BA9700F9CFD7 /* FizzBuzzUITests */ = {
			isa = PBXGroup;
			children = (
				018C9EE01EB0BA9700F9CFD7 /* FizzBuzzUITests.swift */,
				018C9EE21EB0BA9700F9CFD7 /* Info.plist */,
			);
			path = FizzBuzzUITests;
			sourceTree = "<group>";
		};
/* End PBXGroup section */

/* Begin PBXNativeTarget section */
		018C9EBC1EB0BA9700F9CFD7 /* FizzBuzz */ = {
			isa = PBXNativeTarget;
			buildConfigurationList = 018C9EE51EB0BA9700F9CFD7 /* Build configuration list for PBXNativeTarget "FizzBuzz" */;
			buildPhases = (
				018C9EB91EB0BA9700F9CFD7 /* Sources */,
				018C9EBA1EB0BA9700F9CFD7 /* Frameworks */,
				018C9EBB1EB0BA9700F9CFD7 /* Resources */,
			);
			buildRules = (
			);
			dependencies = (
			);
			name = FizzBuzz;
			productName = FizzBuzz;
			productReference = 018C9EBD1EB0BA9700F9CFD7 /* FizzBuzz.app */;
			productType = "com.apple.product-type.application";
		};
		018C9ED01EB0BA9700F9CFD7 /* FizzBuzzTests */ = {
			isa = PBXNativeTarget;
			buildConfigurationList = 018C9EE81EB0BA9700F9CFD7 /* Build configuration list for PBXNativeTarget "FizzBuzzTests" */;
			buildPhases = (
				018C9ECD1EB0BA9700F9CFD7 /* Sources */,
				018C9ECE1EB0BA9700F9CFD7 /* Frameworks */,
				018C9ECF1EB0BA9700F9CFD7 /* Resources */,
			);
			buildRules = (
			);
			dependencies = (
				018C9ED31EB0BA9700F9CFD7 /* PBXTargetDependency */,
			);
			name = FizzBuzzTests;
			productName = FizzBuzzTests;
			productReference = 018C9ED11EB0BA9700F9CFD7 /* FizzBuzzTests.xctest */;
			productType = "com.apple.product-type.bundle.unit-test";
		};
		018C9EDB1EB0BA9700F9CFD7 /* FizzBuzzUITests */ = {
			isa = PBXNativeTarget;
			buildConfigurationList = 018C9EEB1EB0BA9700F9CFD7 /* Build configuration list for PBXNativeTarget "FizzBuzzUITests" */;
			buildPhases = (
				018C9ED81EB0BA9700F9CFD7 /* Sources */,
				018C9ED91EB0BA9700F9CFD7 /* Frameworks */,
				018C9EDA1EB0BA9700F9CFD7 /* Resources */,
			);
			buildRules = (
			);
			dependencies = (
				018C9EDE1EB0BA9700F9CFD7 /* PBXTargetDependency */,
			);
			name = FizzBuzzUITests;
			productName = FizzBuzzUITests;
			productReference = 018C9EDC1EB0BA9700F9CFD7 /* FizzBuzzUITests.xctest */;
			productType = "com.apple.product-type.bundle.ui-testing";
		};
/* End PBXNativeTarget section */

/* Begin PBXProject section */
		018C9EB51EB0BA9700F9CFD7 /* Project object */ = {
			isa = PBXProject;
			attributes = {
				LastSwiftUpdateCheck = 0820;
				LastUpgradeCheck = 0820;
				ORGANIZATIONNAME = "Nicholas Smith";
				TargetAttributes = {
					018C9EBC1EB0BA9700F9CFD7 = {
						CreatedOnToolsVersion = 8.2.1;
						ProvisioningStyle = Automatic;
					};
					018C9ED01EB0BA9700F9CFD7 = {
						CreatedOnToolsVersion = 8.2.1;
						ProvisioningStyle = Automatic;
						TestTargetID = 018C9EBC1EB0BA9700F9CFD7;
					};
					018C9EDB1EB0BA9700F9CFD7 = {
						CreatedOnToolsVersion = 8.2.1;
						ProvisioningStyle = Automatic;
						TestTargetID = 018C9EBC1EB0BA9700F9CFD7;
					};
				};
			};
			buildConfigurationList = 018C9EB81EB0BA9700F9CFD7 /* Build configuration list for PBXProject "FizzBuzz" */;
			compatibilityVersion = "Xcode 3.2";
			developmentRegion = English;
			hasScannedForEncodings = 0;
			knownRegions = (
				en,
				Base,
			);
			mainGroup = 018C9EB41EB0BA9700F9CFD7;
			productRefGroup = 018C9EBE1EB0BA9700F9CFD7 /* Products */;
			projectDirPath = "";
			projectRoot = "";
			targets = (
				018C9EBC1EB0BA9700F9CFD7 /* FizzBuzz */,
				018C9ED01EB0BA9700F9CFD7 /* FizzBuzzTests */,
				018C9EDB1EB0BA9700F9CFD7 /* FizzBuzzUITests */,
			);
		};
/* End PBXProject section */

/* Begin PBXResourcesBuildPhase section */
		018C9EBB1EB0BA9700F9CFD7 /* Resources */ = {
			isa = PBXResourcesBuildPhase;
			buildActionMask = 2147483647;
			files = (
				018C9ECB1EB0BA9700F9CFD7 /* LaunchScreen.storyboard in Resources */,
				018C9EC81EB0BA9700F9CFD7 /* Assets.xcassets in Resources */,
				018C9EC61EB0BA9700F9CFD7 /* Main.storyboard in Resources */,
			);
			runOnlyForDeploymentPostprocessing = 0;
		};
		018C9ECF1EB0BA9700F9CFD7 /* Resources */ = {
			isa = PBXResourcesBuildPhase;
			buildActionMask = 2147483647;
			files = (
			);
			runOnlyForDeploymentPostprocessing = 0;
		};
		018C9EDA1EB0BA9700F9CFD7 /* Resources */ = {
			isa = PBXResourcesBuildPhase;
			buildActionMask = 2147483647;
			files = (
			);
			runOnlyForDeploymentPostprocessing = 0;
		};
/* End PBXResourcesBuildPhase section */

/* Begin PBXSourcesBuildPhase section */
		018C9EB91EB0BA9700F9CFD7 /* Sources */ = {
			isa = PBXSourcesBuildPhase;
			buildActionMask = 2147483647;
			files = (
				BB1287D91EBAC962006E5D4E /* Global.swift in Sources */,
				3CE536F31EB15BAF009263F2 /* hiScoresViewController.swift in Sources */,
				3CE536EB1EB15B06009263F2 /* homePageViewController.swift in Sources */,
				3CE536ED1EB15B51009263F2 /* gameSettingsViewController.swift in Sources */,
				3CE536EF1EB15B74009263F2 /* gameViewController.swift in Sources */,
				3CE536F11EB15B97009263F2 /* howToPlayViewController.swift in Sources */,
				018C9EC11EB0BA9700F9CFD7 /* AppDelegate.swift in Sources */,
			);
			runOnlyForDeploymentPostprocessing = 0;
		};
		018C9ECD1EB0BA9700F9CFD7 /* Sources */ = {
			isa = PBXSourcesBuildPhase;
			buildActionMask = 2147483647;
			files = (
				018C9ED61EB0BA9700F9CFD7 /* FizzBuzzTests.swift in Sources */,
			);
			runOnlyForDeploymentPostprocessing = 0;
		};
		018C9ED81EB0BA9700F9CFD7 /* Sources */ = {
			isa = PBXSourcesBuildPhase;
			buildActionMask = 2147483647;
			files = (
				018C9EE11EB0BA9700F9CFD7 /* FizzBuzzUITests.swift in Sources */,
			);
			runOnlyForDeploymentPostprocessing = 0;
		};
/* End PBXSourcesBuildPhase section */

/* Begin PBXTargetDependency section */
		018C9ED31EB0BA9700F9CFD7 /* PBXTargetDependency */ = {
			isa = PBXTargetDependency;
			target = 018C9EBC1EB0BA9700F9CFD7 /* FizzBuzz */;
			targetProxy = 018C9ED21EB0BA9700F9CFD7 /* PBXContainerItemProxy */;
		};
		018C9EDE1EB0BA9700F9CFD7 /* PBXTargetDependency */ = {
			isa = PBXTargetDependency;
			target = 018C9EBC1EB0BA9700F9CFD7 /* FizzBuzz */;
			targetProxy = 018C9EDD1EB0BA9700F9CFD7 /* PBXContainerItemProxy */;
		};
/* End PBXTargetDependency section */

/* Begin PBXVariantGroup section */
		018C9EC41EB0BA9700F9CFD7 /* Main.storyboard */ = {
			isa = PBXVariantGroup;
			children = (
				018C9EC51EB0BA9700F9CFD7 /* Base */,
			);
			name = Main.storyboard;
			sourceTree = "<group>";
		};
		018C9EC91EB0BA9700F9CFD7 /* LaunchScreen.storyboard */ = {
			isa = PBXVariantGroup;
			children = (
				018C9ECA1EB0BA9700F9CFD7 /* Base */,
			);
			name = LaunchScreen.storyboard;
			sourceTree = "<group>";
		};
/* End PBXVariantGroup section */

/* Begin XCBuildConfiguration section */
		018C9EE31EB0BA9700F9CFD7 /* Debug */ = {
			isa = XCBuildConfiguration;
			buildSettings = {
				ALWAYS_SEARCH_USER_PATHS = NO;
				CLANG_ANALYZER_NONNULL = YES;
				CLANG_CXX_LANGUAGE_STANDARD = "gnu++0x";
				CLANG_CXX_LIBRARY = "libc++";
				CLANG_ENABLE_MODULES = YES;
				CLANG_ENABLE_OBJC_ARC = YES;
				CLANG_WARN_BOOL_CONVERSION = YES;
				CLANG_WARN_CONSTANT_CONVERSION = YES;
				CLANG_WARN_DIRECT_OBJC_ISA_USAGE = YES_ERROR;
				CLANG_WARN_DOCUMENTATION_COMMENTS = YES;
				CLANG_WARN_EMPTY_BODY = YES;
				CLANG_WARN_ENUM_CONVERSION = YES;
				CLANG_WARN_INFINITE_RECURSION = YES;
				CLANG_WARN_INT_CONVERSION = YES;
				CLANG_WARN_OBJC_ROOT_CLASS = YES_ERROR;
				CLANG_WARN_SUSPICIOUS_MOVE = YES;
				CLANG_WARN_UNREACHABLE_CODE = YES;
				CLANG_WARN__DUPLICATE_METHOD_MATCH = YES;
				"CODE_SIGN_IDENTITY[sdk=iphoneos*]" = "iPhone Developer";
				COPY_PHASE_STRIP = NO;
				DEBUG_INFORMATION_FORMAT = dwarf;
				ENABLE_STRICT_OBJC_MSGSEND = YES;
				ENABLE_TESTABILITY = YES;
				GCC_C_LANGUAGE_STANDARD = gnu99;
				GCC_DYNAMIC_NO_PIC = NO;
				GCC_NO_COMMON_BLOCKS = YES;
				GCC_OPTIMIZATION_LEVEL = 0;
				GCC_PREPROCESSOR_DEFINITIONS = (
					"DEBUG=1",
					"$(inherited)",
				);
				GCC_WARN_64_TO_32_BIT_CONVERSION = YES;
				GCC_WARN_ABOUT_RETURN_TYPE = YES_ERROR;
				GCC_WARN_UNDECLARED_SELECTOR = YES;
				GCC_WARN_UNINITIALIZED_AUTOS = YES_AGGRESSIVE;
				GCC_WARN_UNUSED_FUNCTION = YES;
				GCC_WARN_UNUSED_VARIABLE = YES;
				IPHONEOS_DEPLOYMENT_TARGET = 10.2;
				MTL_ENABLE_DEBUG_INFO = YES;
				ONLY_ACTIVE_ARCH = YES;
				SDKROOT = iphoneos;
				SWIFT_ACTIVE_COMPILATION_CONDITIONS = DEBUG;
				SWIFT_OPTIMIZATION_LEVEL = "-Onone";
				TARGETED_DEVICE_FAMILY = "1,2";
			};
			name = Debug;
		};
		018C9EE41EB0BA9700F9CFD7 /* Release */ = {
			isa = XCBuildConfiguration;
			buildSettings = {
				ALWAYS_SEARCH_USER_PATHS = NO;
				CLANG_ANALYZER_NONNULL = YES;
				CLANG_CXX_LANGUAGE_STANDARD = "gnu++0x";
				CLANG_CXX_LIBRARY = "libc++";
				CLANG_ENABLE_MODULES = YES;
				CLANG_ENABLE_OBJC_ARC = YES;
				CLANG_WARN_BOOL_CONVERSION = YES;
				CLANG_WARN_CONSTANT_CONVERSION = YES;
				CLANG_WARN_DIRECT_OBJC_ISA_USAGE = YES_ERROR;
				CLANG_WARN_DOCUMENTATION_COMMENTS = YES;
				CLANG_WARN_EMPTY_BODY = YES;
				CLANG_WARN_ENUM_CONVERSION = YES;
				CLANG_WARN_INFINITE_RECURSION = YES;
				CLANG_WARN_INT_CONVERSION = YES;
				CLANG_WARN_OBJC_ROOT_CLASS = YES_ERROR;
				CLANG_WARN_SUSPICIOUS_MOVE = YES;
				CLANG_WARN_UNREACHABLE_CODE = YES;
				CLANG_WARN__DUPLICATE_METHOD_MATCH = YES;
				"CODE_SIGN_IDENTITY[sdk=iphoneos*]" = "iPhone Developer";
				COPY_PHASE_STRIP = NO;
				DEBUG_INFORMATION_FORMAT = "dwarf-with-dsym";
				ENABLE_NS_ASSERTIONS = NO;
				ENABLE_STRICT_OBJC_MSGSEND = YES;
				GCC_C_LANGUAGE_STANDARD = gnu99;
				GCC_NO_COMMON_BLOCKS = YES;
				GCC_WARN_64_TO_32_BIT_CONVERSION = YES;
				GCC_WARN_ABOUT_RETURN_TYPE = YES_ERROR;
				GCC_WARN_UNDECLARED_SELECTOR = YES;
				GCC_WARN_UNINITIALIZED_AUTOS = YES_AGGRESSIVE;
				GCC_WARN_UNUSED_FUNCTION = YES;
				GCC_WARN_UNUSED_VARIABLE = YES;
				IPHONEOS_DEPLOYMENT_TARGET = 10.2;
				MTL_ENABLE_DEBUG_INFO = NO;
				SDKROOT = iphoneos;
				SWIFT_OPTIMIZATION_LEVEL = "-Owholemodule";
				TARGETED_DEVICE_FAMILY = "1,2";
				VALIDATE_PRODUCT = YES;
			};
			name = Release;
		};
		018C9EE61EB0BA9700F9CFD7 /* Debug */ = {
			isa = XCBuildConfiguration;
			buildSettings = {
				ASSETCATALOG_COMPILER_APPICON_NAME = AppIcon;
				INFOPLIST_FILE = FizzBuzz/Info.plist;
				LD_RUNPATH_SEARCH_PATHS = "$(inherited) @executable_path/Frameworks";
				PRODUCT_BUNDLE_IDENTIFIER = nickjsmith.FizzBuzz;
				PRODUCT_NAME = "$(TARGET_NAME)";
				SWIFT_VERSION = 3.0;
			};
			name = Debug;
		};
		018C9EE71EB0BA9700F9CFD7 /* Release */ = {
			isa = XCBuildConfiguration;
			buildSettings = {
				ASSETCATALOG_COMPILER_APPICON_NAME = AppIcon;
				INFOPLIST_FILE = FizzBuzz/Info.plist;
				LD_RUNPATH_SEARCH_PATHS = "$(inherited) @executable_path/Frameworks";
				PRODUCT_BUNDLE_IDENTIFIER = nickjsmith.FizzBuzz;
				PRODUCT_NAME = "$(TARGET_NAME)";
				SWIFT_VERSION = 3.0;
			};
			name = Release;
		};
		018C9EE91EB0BA9700F9CFD7 /* Debug */ = {
			isa = XCBuildConfiguration;
			buildSettings = {
				ALWAYS_EMBED_SWIFT_STANDARD_LIBRARIES = YES;
				BUNDLE_LOADER = "$(TEST_HOST)";
				INFOPLIST_FILE = FizzBuzzTests/Info.plist;
				LD_RUNPATH_SEARCH_PATHS = "$(inherited) @executable_path/Frameworks @loader_path/Frameworks";
				PRODUCT_BUNDLE_IDENTIFIER = nickjsmith.FizzBuzzTests;
				PRODUCT_NAME = "$(TARGET_NAME)";
				SWIFT_VERSION = 3.0;
				TEST_HOST = "$(BUILT_PRODUCTS_DIR)/FizzBuzz.app/FizzBuzz";
			};
			name = Debug;
		};
		018C9EEA1EB0BA9700F9CFD7 /* Release */ = {
			isa = XCBuildConfiguration;
			buildSettings = {
				ALWAYS_EMBED_SWIFT_STANDARD_LIBRARIES = YES;
				BUNDLE_LOADER = "$(TEST_HOST)";
				INFOPLIST_FILE = FizzBuzzTests/Info.plist;
				LD_RUNPATH_SEARCH_PATHS = "$(inherited) @executable_path/Frameworks @loader_path/Frameworks";
				PRODUCT_BUNDLE_IDENTIFIER = nickjsmith.FizzBuzzTests;
				PRODUCT_NAME = "$(TARGET_NAME)";
				SWIFT_VERSION = 3.0;
				TEST_HOST = "$(BUILT_PRODUCTS_DIR)/FizzBuzz.app/FizzBuzz";
			};
			name = Release;
		};
		018C9EEC1EB0BA9700F9CFD7 /* Debug */ = {
			isa = XCBuildConfiguration;
			buildSettings = {
				ALWAYS_EMBED_SWIFT_STANDARD_LIBRARIES = YES;
				INFOPLIST_FILE = FizzBuzzUITests/Info.plist;
				LD_RUNPATH_SEARCH_PATHS = "$(inherited) @executable_path/Frameworks @loader_path/Frameworks";
				PRODUCT_BUNDLE_IDENTIFIER = nickjsmith.FizzBuzzUITests;
				PRODUCT_NAME = "$(TARGET_NAME)";
				SWIFT_VERSION = 3.0;
				TEST_TARGET_NAME = FizzBuzz;
			};
			name = Debug;
		};
		018C9EED1EB0BA9700F9CFD7 /* Release */ = {
			isa = XCBuildConfiguration;
			buildSettings = {
				ALWAYS_EMBED_SWIFT_STANDARD_LIBRARIES = YES;
				INFOPLIST_FILE = FizzBuzzUITests/Info.plist;
				LD_RUNPATH_SEARCH_PATHS = "$(inherited) @executable_path/Frameworks @loader_path/Frameworks";
				PRODUCT_BUNDLE_IDENTIFIER = nickjsmith.FizzBuzzUITests;
				PRODUCT_NAME = "$(TARGET_NAME)";
				SWIFT_VERSION = 3.0;
				TEST_TARGET_NAME = FizzBuzz;
			};
			name = Release;
		};
/* End XCBuildConfiguration section */

/* Begin XCConfigurationList section */
		018C9EB81EB0BA9700F9CFD7 /* Build configuration list for PBXProject "FizzBuzz" */ = {
			isa = XCConfigurationList;
			buildConfigurations = (
				018C9EE31EB0BA9700F9CFD7 /* Debug */,
				018C9EE41EB0BA9700F9CFD7 /* Release */,
			);
			defaultConfigurationIsVisible = 0;
			defaultConfigurationName = Release;
		};
		018C9EE51EB0BA9700F9CFD7 /* Build configuration list for PBXNativeTarget "FizzBuzz" */ = {
			isa = XCConfigurationList;
			buildConfigurations = (
				018C9EE61EB0BA9700F9CFD7 /* Debug */,
				018C9EE71EB0BA9700F9CFD7 /* Release */,
			);
			defaultConfigurationIsVisible = 0;
			defaultConfigurationName = Release;
		};
		018C9EE81EB0BA9700F9CFD7 /* Build configuration list for PBXNativeTarget "FizzBuzzTests" */ = {
			isa = XCConfigurationList;
			buildConfigurations = (
				018C9EE91EB0BA9700F9CFD7 /* Debug */,
				018C9EEA1EB0BA9700F9CFD7 /* Release */,
			);
			defaultConfigurationIsVisible = 0;
			defaultConfigurationName = Release;
		};
		018C9EEB1EB0BA9700F9CFD7 /* Build configuration list for PBXNativeTarget "FizzBuzzUITests" */ = {
			isa = XCConfigurationList;
			buildConfigurations = (
				018C9EEC1EB0BA9700F9CFD7 /* Debug */,
				018C9EED1EB0BA9700F9CFD7 /* Release */,
			);
			defaultConfigurationIsVisible = 0;
			defaultConfigurationName = Release;
		};
/* End XCConfigurationList section */
	};
	rootObject = 018C9EB51EB0BA9700F9CFD7 /* Project object */;
}
